// !$*UTF8*$!
{
	archiveVersion = 1;
	classes = {
	};
	objectVersion = 46;
	objects = {

/* Begin PBXBuildFile section */
		79C99430424B387BA50500F4 /* Pods_PAYD.framework in Frameworks */ = {isa = PBXBuildFile; fileRef = 1C9EF929905FE3C6ACFA98A4 /* Pods_PAYD.framework */; };
		D2B9B0581EE9499F00794B95 /* AppDelegate.swift in Sources */ = {isa = PBXBuildFile; fileRef = D2B9B0571EE9499F00794B95 /* AppDelegate.swift */; };
		D2B9B05A1EE9499F00794B95 /* LogInViewController.swift in Sources */ = {isa = PBXBuildFile; fileRef = D2B9B0591EE9499F00794B95 /* LogInViewController.swift */; };
		D2B9B05D1EE9499F00794B95 /* Main.storyboard in Resources */ = {isa = PBXBuildFile; fileRef = D2B9B05B1EE9499F00794B95 /* Main.storyboard */; };
		D2B9B05F1EE9499F00794B95 /* Assets.xcassets in Resources */ = {isa = PBXBuildFile; fileRef = D2B9B05E1EE9499F00794B95 /* Assets.xcassets */; };
		D2B9B0621EE9499F00794B95 /* LaunchScreen.storyboard in Resources */ = {isa = PBXBuildFile; fileRef = D2B9B0601EE9499F00794B95 /* LaunchScreen.storyboard */; };
		D2B9B06C1EE95C5700794B95 /* NewAccountViewController.swift in Sources */ = {isa = PBXBuildFile; fileRef = D2B9B06B1EE95C5700794B95 /* NewAccountViewController.swift */; };
		D2B9B06E1EE9665E00794B95 /* GoogleService-Info.plist in Resources */ = {isa = PBXBuildFile; fileRef = D2B9B06D1EE9665E00794B95 /* GoogleService-Info.plist */; };
		D2B9B0701EE9807000794B95 /* GroupViewController.swift in Sources */ = {isa = PBXBuildFile; fileRef = D2B9B06F1EE9807000794B95 /* GroupViewController.swift */; };
		D2B9B0721EE986EA00794B95 /* MemberViewController.swift in Sources */ = {isa = PBXBuildFile; fileRef = D2B9B0711EE986EA00794B95 /* MemberViewController.swift */; };
		D2B9B0741EE986F900794B95 /* PayViewController.swift in Sources */ = {isa = PBXBuildFile; fileRef = D2B9B0731EE986F900794B95 /* PayViewController.swift */; };
		D2B9B0781EE9876900794B95 /* NewMemberViewController.swift in Sources */ = {isa = PBXBuildFile; fileRef = D2B9B0771EE9876900794B95 /* NewMemberViewController.swift */; };
		D2B9B07B1EEE91C700794B95 /* Databasehelper.swift in Sources */ = {isa = PBXBuildFile; fileRef = D2B9B07A1EEE91C700794B95 /* Databasehelper.swift */; };
		D2B9B0831EEEB35F00794B95 /* GroupTableViewCell.swift in Sources */ = {isa = PBXBuildFile; fileRef = D2B9B0821EEEB35F00794B95 /* GroupTableViewCell.swift */; };
		D2B9B0851EEEE61200794B95 /* MemberTableViewCell.swift in Sources */ = {isa = PBXBuildFile; fileRef = D2B9B0841EEEE61200794B95 /* MemberTableViewCell.swift */; };
		D2B9B0871EF017E400794B95 /* Userinfo.swift in Sources */ = {isa = PBXBuildFile; fileRef = D2B9B0861EF017E400794B95 /* Userinfo.swift */; };
/* End PBXBuildFile section */

/* Begin PBXFileReference section */
		1C9EF929905FE3C6ACFA98A4 /* Pods_PAYD.framework */ = {isa = PBXFileReference; explicitFileType = wrapper.framework; includeInIndex = 0; path = Pods_PAYD.framework; sourceTree = BUILT_PRODUCTS_DIR; };
		4C6AE7CF6AE75D7D78D54B6D /* Pods-PAYD.release.xcconfig */ = {isa = PBXFileReference; includeInIndex = 1; lastKnownFileType = text.xcconfig; name = "Pods-PAYD.release.xcconfig"; path = "Pods/Target Support Files/Pods-PAYD/Pods-PAYD.release.xcconfig"; sourceTree = "<group>"; };
		D2B9B0541EE9499F00794B95 /* PAYD.app */ = {isa = PBXFileReference; explicitFileType = wrapper.application; includeInIndex = 0; path = PAYD.app; sourceTree = BUILT_PRODUCTS_DIR; };
		D2B9B0571EE9499F00794B95 /* AppDelegate.swift */ = {isa = PBXFileReference; lastKnownFileType = sourcecode.swift; path = AppDelegate.swift; sourceTree = "<group>"; };
		D2B9B0591EE9499F00794B95 /* LogInViewController.swift */ = {isa = PBXFileReference; lastKnownFileType = sourcecode.swift; path = LogInViewController.swift; sourceTree = "<group>"; };
		D2B9B05C1EE9499F00794B95 /* Base */ = {isa = PBXFileReference; lastKnownFileType = file.storyboard; name = Base; path = Base.lproj/Main.storyboard; sourceTree = "<group>"; };
		D2B9B05E1EE9499F00794B95 /* Assets.xcassets */ = {isa = PBXFileReference; lastKnownFileType = folder.assetcatalog; path = Assets.xcassets; sourceTree = "<group>"; };
		D2B9B0611EE9499F00794B95 /* Base */ = {isa = PBXFileReference; lastKnownFileType = file.storyboard; name = Base; path = Base.lproj/LaunchScreen.storyboard; sourceTree = "<group>"; };
		D2B9B0631EE9499F00794B95 /* Info.plist */ = {isa = PBXFileReference; lastKnownFileType = text.plist.xml; path = Info.plist; sourceTree = "<group>"; };
		D2B9B06B1EE95C5700794B95 /* NewAccountViewController.swift */ = {isa = PBXFileReference; fileEncoding = 4; lastKnownFileType = sourcecode.swift; path = NewAccountViewController.swift; sourceTree = "<group>"; };
		D2B9B06D1EE9665E00794B95 /* GoogleService-Info.plist */ = {isa = PBXFileReference; fileEncoding = 4; lastKnownFileType = text.plist.xml; path = "GoogleService-Info.plist"; sourceTree = "<group>"; };
		D2B9B06F1EE9807000794B95 /* GroupViewController.swift */ = {isa = PBXFileReference; fileEncoding = 4; lastKnownFileType = sourcecode.swift; path = GroupViewController.swift; sourceTree = "<group>"; };
		D2B9B0711EE986EA00794B95 /* MemberViewController.swift */ = {isa = PBXFileReference; fileEncoding = 4; lastKnownFileType = sourcecode.swift; name = MemberViewController.swift; path = ../MemberViewController.swift; sourceTree = "<group>"; };
		D2B9B0731EE986F900794B95 /* PayViewController.swift */ = {isa = PBXFileReference; fileEncoding = 4; lastKnownFileType = sourcecode.swift; name = PayViewController.swift; path = ../PayViewController.swift; sourceTree = "<group>"; };
		D2B9B0771EE9876900794B95 /* NewMemberViewController.swift */ = {isa = PBXFileReference; fileEncoding = 4; lastKnownFileType = sourcecode.swift; path = NewMemberViewController.swift; sourceTree = "<group>"; };
		D2B9B07A1EEE91C700794B95 /* Databasehelper.swift */ = {isa = PBXFileReference; fileEncoding = 4; lastKnownFileType = sourcecode.swift; path = Databasehelper.swift; sourceTree = "<group>"; };
		D2B9B0821EEEB35F00794B95 /* GroupTableViewCell.swift */ = {isa = PBXFileReference; fileEncoding = 4; lastKnownFileType = sourcecode.swift; path = GroupTableViewCell.swift; sourceTree = "<group>"; };
		D2B9B0841EEEE61200794B95 /* MemberTableViewCell.swift */ = {isa = PBXFileReference; fileEncoding = 4; lastKnownFileType = sourcecode.swift; path = MemberTableViewCell.swift; sourceTree = "<group>"; };
		D2B9B0861EF017E400794B95 /* Userinfo.swift */ = {isa = PBXFileReference; fileEncoding = 4; lastKnownFileType = sourcecode.swift; path = Userinfo.swift; sourceTree = "<group>"; };
		E9FB3E69628CF5B2C6B45658 /* Pods-PAYD.debug.xcconfig */ = {isa = PBXFileReference; includeInIndex = 1; lastKnownFileType = text.xcconfig; name = "Pods-PAYD.debug.xcconfig"; path = "Pods/Target Support Files/Pods-PAYD/Pods-PAYD.debug.xcconfig"; sourceTree = "<group>"; };
/* End PBXFileReference section */

/* Begin PBXFrameworksBuildPhase section */
		D2B9B0511EE9499F00794B95 /* Frameworks */ = {
			isa = PBXFrameworksBuildPhase;
			buildActionMask = 2147483647;
			files = (
				79C99430424B387BA50500F4 /* Pods_PAYD.framework in Frameworks */,
			);
			runOnlyForDeploymentPostprocessing = 0;
		};
/* End PBXFrameworksBuildPhase section */

/* Begin PBXGroup section */
		D2B9B04B1EE9499F00794B95 = {
			isa = PBXGroup;
			children = (
				D2B9B0561EE9499F00794B95 /* PAYD */,
				D2B9B0551EE9499F00794B95 /* Products */,
				D6C1B2F7D0F4C104C883AFC7 /* Pods */,
				E309CCE92E909EFB2B8CF2AB /* Frameworks */,
			);
			sourceTree = "<group>";
		};
		D2B9B0551EE9499F00794B95 /* Products */ = {
			isa = PBXGroup;
			children = (
				D2B9B0541EE9499F00794B95 /* PAYD.app */,
			);
			name = Products;
			sourceTree = "<group>";
		};
		D2B9B0561EE9499F00794B95 /* PAYD */ = {
			isa = PBXGroup;
			children = (
				D2B9B0571EE9499F00794B95 /* AppDelegate.swift */,
				D2B9B0591EE9499F00794B95 /* LogInViewController.swift */,
				D2B9B06B1EE95C5700794B95 /* NewAccountViewController.swift */,
				D2B9B06F1EE9807000794B95 /* GroupViewController.swift */,
				D2B9B0821EEEB35F00794B95 /* GroupTableViewCell.swift */,
				D2B9B0711EE986EA00794B95 /* MemberViewController.swift */,
				D2B9B0731EE986F900794B95 /* PayViewController.swift */,
				D2B9B0771EE9876900794B95 /* NewMemberViewController.swift */,
				D2B9B05B1EE9499F00794B95 /* Main.storyboard */,
				D2B9B0841EEEE61200794B95 /* MemberTableViewCell.swift */,
				D2B9B07A1EEE91C700794B95 /* Databasehelper.swift */,
				D2B9B0861EF017E400794B95 /* Userinfo.swift */,
				D2B9B05E1EE9499F00794B95 /* Assets.xcassets */,
				D2B9B0601EE9499F00794B95 /* LaunchScreen.storyboard */,
				D2B9B06D1EE9665E00794B95 /* GoogleService-Info.plist */,
				D2B9B0631EE9499F00794B95 /* Info.plist */,
			);
			path = PAYD;
			sourceTree = "<group>";
		};
		D6C1B2F7D0F4C104C883AFC7 /* Pods */ = {
			isa = PBXGroup;
			children = (
				E9FB3E69628CF5B2C6B45658 /* Pods-PAYD.debug.xcconfig */,
				4C6AE7CF6AE75D7D78D54B6D /* Pods-PAYD.release.xcconfig */,
			);
			name = Pods;
			sourceTree = "<group>";
		};
		E309CCE92E909EFB2B8CF2AB /* Frameworks */ = {
			isa = PBXGroup;
			children = (
				1C9EF929905FE3C6ACFA98A4 /* Pods_PAYD.framework */,
			);
			name = Frameworks;
			sourceTree = "<group>";
		};
/* End PBXGroup section */

/* Begin PBXNativeTarget section */
		D2B9B0531EE9499F00794B95 /* PAYD */ = {
			isa = PBXNativeTarget;
			buildConfigurationList = D2B9B0661EE9499F00794B95 /* Build configuration list for PBXNativeTarget "PAYD" */;
			buildPhases = (
				2A6F05A4F708B4EEF7DE3F51 /* [CP] Check Pods Manifest.lock */,
				D2B9B0501EE9499F00794B95 /* Sources */,
				D2B9B0511EE9499F00794B95 /* Frameworks */,
				D2B9B0521EE9499F00794B95 /* Resources */,
				20287F52388580E2BFC9F831 /* [CP] Embed Pods Frameworks */,
				C802E164E0C5FD6E6EA0EC6C /* [CP] Copy Pods Resources */,
			);
			buildRules = (
			);
			dependencies = (
			);
			name = PAYD;
			productName = PAYD;
			productReference = D2B9B0541EE9499F00794B95 /* PAYD.app */;
			productType = "com.apple.product-type.application";
		};
/* End PBXNativeTarget section */

/* Begin PBXProject section */
		D2B9B04C1EE9499F00794B95 /* Project object */ = {
			isa = PBXProject;
			attributes = {
				LastSwiftUpdateCheck = 0820;
				LastUpgradeCheck = 0820;
				ORGANIZATIONNAME = "Jennifer Buur";
				TargetAttributes = {
					D2B9B0531EE9499F00794B95 = {
						CreatedOnToolsVersion = 8.2.1;
						ProvisioningStyle = Automatic;
					};
				};
			};
			buildConfigurationList = D2B9B04F1EE9499F00794B95 /* Build configuration list for PBXProject "PAYD" */;
			compatibilityVersion = "Xcode 3.2";
			developmentRegion = English;
			hasScannedForEncodings = 0;
			knownRegions = (
				en,
				Base,
			);
			mainGroup = D2B9B04B1EE9499F00794B95;
			productRefGroup = D2B9B0551EE9499F00794B95 /* Products */;
			projectDirPath = "";
			projectRoot = "";
			targets = (
				D2B9B0531EE9499F00794B95 /* PAYD */,
			);
		};
/* End PBXProject section */

/* Begin PBXResourcesBuildPhase section */
		D2B9B0521EE9499F00794B95 /* Resources */ = {
			isa = PBXResourcesBuildPhase;
			buildActionMask = 2147483647;
			files = (
				D2B9B0621EE9499F00794B95 /* LaunchScreen.storyboard in Resources */,
				D2B9B06E1EE9665E00794B95 /* GoogleService-Info.plist in Resources */,
				D2B9B05F1EE9499F00794B95 /* Assets.xcassets in Resources */,
				D2B9B05D1EE9499F00794B95 /* Main.storyboard in Resources */,
			);
			runOnlyForDeploymentPostprocessing = 0;
		};
/* End PBXResourcesBuildPhase section */

/* Begin PBXShellScriptBuildPhase section */
		20287F52388580E2BFC9F831 /* [CP] Embed Pods Frameworks */ = {
			isa = PBXShellScriptBuildPhase;
			buildActionMask = 2147483647;
			files = (
			);
			inputPaths = (
			);
			name = "[CP] Embed Pods Frameworks";
			outputPaths = (
			);
			runOnlyForDeploymentPostprocessing = 0;
			shellPath = /bin/sh;
			shellScript = "\"${SRCROOT}/Pods/Target Support Files/Pods-PAYD/Pods-PAYD-frameworks.sh\"\n";
			showEnvVarsInLog = 0;
		};
		2A6F05A4F708B4EEF7DE3F51 /* [CP] Check Pods Manifest.lock */ = {
			isa = PBXShellScriptBuildPhase;
			buildActionMask = 2147483647;
			files = (
			);
			inputPaths = (
			);
			name = "[CP] Check Pods Manifest.lock";
			outputPaths = (
			);
			runOnlyForDeploymentPostprocessing = 0;
			shellPath = /bin/sh;
			shellScript = "diff \"${PODS_ROOT}/../Podfile.lock\" \"${PODS_ROOT}/Manifest.lock\" > /dev/null\nif [ $? != 0 ] ; then\n    # print error to STDERR\n    echo \"error: The sandbox is not in sync with the Podfile.lock. Run 'pod install' or update your CocoaPods installation.\" >&2\n    exit 1\nfi\n";
			showEnvVarsInLog = 0;
		};
		C802E164E0C5FD6E6EA0EC6C /* [CP] Copy Pods Resources */ = {
			isa = PBXShellScriptBuildPhase;
			buildActionMask = 2147483647;
			files = (
			);
			inputPaths = (
			);
			name = "[CP] Copy Pods Resources";
			outputPaths = (
			);
			runOnlyForDeploymentPostprocessing = 0;
			shellPath = /bin/sh;
			shellScript = "\"${SRCROOT}/Pods/Target Support Files/Pods-PAYD/Pods-PAYD-resources.sh\"\n";
			showEnvVarsInLog = 0;
		};
/* End PBXShellScriptBuildPhase section */

/* Begin PBXSourcesBuildPhase section */
		D2B9B0501EE9499F00794B95 /* Sources */ = {
			isa = PBXSourcesBuildPhase;
			buildActionMask = 2147483647;
			files = (
				D2B9B0831EEEB35F00794B95 /* GroupTableViewCell.swift in Sources */,
				D2B9B0701EE9807000794B95 /* GroupViewController.swift in Sources */,
				D2B9B0741EE986F900794B95 /* PayViewController.swift in Sources */,
				D2B9B05A1EE9499F00794B95 /* LogInViewController.swift in Sources */,
				D2B9B0871EF017E400794B95 /* Userinfo.swift in Sources */,
				D2B9B0581EE9499F00794B95 /* AppDelegate.swift in Sources */,
				D2B9B0851EEEE61200794B95 /* MemberTableViewCell.swift in Sources */,
				D2B9B07B1EEE91C700794B95 /* Databasehelper.swift in Sources */,
				D2B9B0781EE9876900794B95 /* NewMemberViewController.swift in Sources */,
				D2B9B0721EE986EA00794B95 /* MemberViewController.swift in Sources */,
				D2B9B06C1EE95C5700794B95 /* NewAccountViewController.swift in Sources */,
			);
			runOnlyForDeploymentPostprocessing = 0;
		};
/* End PBXSourcesBuildPhase section */

/* Begin PBXVariantGroup section */
		D2B9B05B1EE9499F00794B95 /* Main.storyboard */ = {
			isa = PBXVariantGroup;
			children = (
				D2B9B05C1EE9499F00794B95 /* Base */,
			);
			name = Main.storyboard;
			sourceTree = "<group>";
		};
		D2B9B0601EE9499F00794B95 /* LaunchScreen.storyboard */ = {
			isa = PBXVariantGroup;
			children = (
				D2B9B0611EE9499F00794B95 /* Base */,
			);
			name = LaunchScreen.storyboard;
			sourceTree = "<group>";
		};
/* End PBXVariantGroup section */

/* Begin XCBuildConfiguration section */
		D2B9B0641EE9499F00794B95 /* Debug */ = {
			isa = XCBuildConfiguration;
			buildSettings = {
				ALWAYS_SEARCH_USER_PATHS = NO;
				CLANG_ANALYZER_NONNULL = YES;
				CLANG_CXX_LANGUAGE_STANDARD = "gnu++0x";
				CLANG_CXX_LIBRARY = "libc++";
				CLANG_ENABLE_MODULES = YES;
				CLANG_ENABLE_OBJC_ARC = YES;
				CLANG_WARN_BOOL_CONVERSION = YES;
				CLANG_WARN_CONSTANT_CONVERSION = YES;
				CLANG_WARN_DIRECT_OBJC_ISA_USAGE = YES_ERROR;
				CLANG_WARN_DOCUMENTATION_COMMENTS = YES;
				CLANG_WARN_EMPTY_BODY = YES;
				CLANG_WARN_ENUM_CONVERSION = YES;
				CLANG_WARN_INFINITE_RECURSION = YES;
				CLANG_WARN_INT_CONVERSION = YES;
				CLANG_WARN_OBJC_ROOT_CLASS = YES_ERROR;
				CLANG_WARN_SUSPICIOUS_MOVE = YES;
				CLANG_WARN_UNREACHABLE_CODE = YES;
				CLANG_WARN__DUPLICATE_METHOD_MATCH = YES;
				"CODE_SIGN_IDENTITY[sdk=iphoneos*]" = "iPhone Developer";
				COPY_PHASE_STRIP = NO;
				DEBUG_INFORMATION_FORMAT = dwarf;
				ENABLE_STRICT_OBJC_MSGSEND = YES;
				ENABLE_TESTABILITY = YES;
				GCC_C_LANGUAGE_STANDARD = gnu99;
				GCC_DYNAMIC_NO_PIC = NO;
				GCC_NO_COMMON_BLOCKS = YES;
				GCC_OPTIMIZATION_LEVEL = 0;
				GCC_PREPROCESSOR_DEFINITIONS = (
					"DEBUG=1",
					"$(inherited)",
				);
				GCC_WARN_64_TO_32_BIT_CONVERSION = YES;
				GCC_WARN_ABOUT_RETURN_TYPE = YES_ERROR;
				GCC_WARN_UNDECLARED_SELECTOR = YES;
				GCC_WARN_UNINITIALIZED_AUTOS = YES_AGGRESSIVE;
				GCC_WARN_UNUSED_FUNCTION = YES;
				GCC_WARN_UNUSED_VARIABLE = YES;
				IPHONEOS_DEPLOYMENT_TARGET = 10.2;
				MTL_ENABLE_DEBUG_INFO = YES;
				ONLY_ACTIVE_ARCH = YES;
				SDKROOT = iphoneos;
				SWIFT_ACTIVE_COMPILATION_CONDITIONS = DEBUG;
				SWIFT_OPTIMIZATION_LEVEL = "-Onone";
				TARGETED_DEVICE_FAMILY = "1,2";
			};
			name = Debug;
		};
		D2B9B0651EE9499F00794B95 /* Release */ = {
			isa = XCBuildConfiguration;
			buildSettings = {
				ALWAYS_SEARCH_USER_PATHS = NO;
				CLANG_ANALYZER_NONNULL = YES;
				CLANG_CXX_LANGUAGE_STANDARD = "gnu++0x";
				CLANG_CXX_LIBRARY = "libc++";
				CLANG_ENABLE_MODULES = YES;
				CLANG_ENABLE_OBJC_ARC = YES;
				CLANG_WARN_BOOL_CONVERSION = YES;
				CLANG_WARN_CONSTANT_CONVERSION = YES;
				CLANG_WARN_DIRECT_OBJC_ISA_USAGE = YES_ERROR;
				CLANG_WARN_DOCUMENTATION_COMMENTS = YES;
				CLANG_WARN_EMPTY_BODY = YES;
				CLANG_WARN_ENUM_CONVERSION = YES;
				CLANG_WARN_INFINITE_RECURSION = YES;
				CLANG_WARN_INT_CONVERSION = YES;
				CLANG_WARN_OBJC_ROOT_CLASS = YES_ERROR;
				CLANG_WARN_SUSPICIOUS_MOVE = YES;
				CLANG_WARN_UNREACHABLE_CODE = YES;
				CLANG_WARN__DUPLICATE_METHOD_MATCH = YES;
				"CODE_SIGN_IDENTITY[sdk=iphoneos*]" = "iPhone Developer";
				COPY_PHASE_STRIP = NO;
				DEBUG_INFORMATION_FORMAT = "dwarf-with-dsym";
				ENABLE_NS_ASSERTIONS = NO;
				ENABLE_STRICT_OBJC_MSGSEND = YES;
				GCC_C_LANGUAGE_STANDARD = gnu99;
				GCC_NO_COMMON_BLOCKS = YES;
				GCC_WARN_64_TO_32_BIT_CONVERSION = YES;
				GCC_WARN_ABOUT_RETURN_TYPE = YES_ERROR;
				GCC_WARN_UNDECLARED_SELECTOR = YES;
				GCC_WARN_UNINITIALIZED_AUTOS = YES_AGGRESSIVE;
				GCC_WARN_UNUSED_FUNCTION = YES;
				GCC_WARN_UNUSED_VARIABLE = YES;
				IPHONEOS_DEPLOYMENT_TARGET = 10.2;
				MTL_ENABLE_DEBUG_INFO = NO;
				SDKROOT = iphoneos;
				SWIFT_OPTIMIZATION_LEVEL = "-Owholemodule";
				TARGETED_DEVICE_FAMILY = "1,2";
				VALIDATE_PRODUCT = YES;
			};
			name = Release;
		};
		D2B9B0671EE9499F00794B95 /* Debug */ = {
			isa = XCBuildConfiguration;
			baseConfigurationReference = E9FB3E69628CF5B2C6B45658 /* Pods-PAYD.debug.xcconfig */;
			buildSettings = {
				ASSETCATALOG_COMPILER_APPICON_NAME = AppIcon;
				INFOPLIST_FILE = PAYD/Info.plist;
				LD_RUNPATH_SEARCH_PATHS = "$(inherited) @executable_path/Frameworks";
				PRODUCT_BUNDLE_IDENTIFIER = nl.mprog.PAYD;
				PRODUCT_NAME = "$(TARGET_NAME)";
				SWIFT_VERSION = 3.0;
			};
			name = Debug;
		};
		D2B9B0681EE9499F00794B95 /* Release */ = {
			isa = XCBuildConfiguration;
			baseConfigurationReference = 4C6AE7CF6AE75D7D78D54B6D /* Pods-PAYD.release.xcconfig */;
			buildSettings = {
				ASSETCATALOG_COMPILER_APPICON_NAME = AppIcon;
				INFOPLIST_FILE = PAYD/Info.plist;
				LD_RUNPATH_SEARCH_PATHS = "$(inherited) @executable_path/Frameworks";
				PRODUCT_BUNDLE_IDENTIFIER = nl.mprog.PAYD;
				PRODUCT_NAME = "$(TARGET_NAME)";
				SWIFT_VERSION = 3.0;
			};
			name = Release;
		};
/* End XCBuildConfiguration section */

/* Begin XCConfigurationList section */
		D2B9B04F1EE9499F00794B95 /* Build configuration list for PBXProject "PAYD" */ = {
			isa = XCConfigurationList;
			buildConfigurations = (
				D2B9B0641EE9499F00794B95 /* Debug */,
				D2B9B0651EE9499F00794B95 /* Release */,
			);
			defaultConfigurationIsVisible = 0;
			defaultConfigurationName = Release;
		};
		D2B9B0661EE9499F00794B95 /* Build configuration list for PBXNativeTarget "PAYD" */ = {
			isa = XCConfigurationList;
			buildConfigurations = (
				D2B9B0671EE9499F00794B95 /* Debug */,
				D2B9B0681EE9499F00794B95 /* Release */,
			);
			defaultConfigurationIsVisible = 0;
			defaultConfigurationName = Release;
		};
/* End XCConfigurationList section */
	};
	rootObject = D2B9B04C1EE9499F00794B95 /* Project object */;
}
